{
  "name": "wskp-combinator-plugin",
  "version": "0.1.0",
  "lockfileVersion": 1,
  "requires": true,
  "dependencies": {
    "chevrotain": {
      "version": "0.32.1",
      "resolved": "https://registry.npmjs.org/chevrotain/-/chevrotain-0.32.1.tgz",
      "integrity": "sha1-iBX4XD8cAbv+oiW2iac8HnzqC4s="
    }
  }
}
