{
  "name": "wskp-copy-plugin",
  "version": "0.1.0",
  "lockfileVersion": 1,
  "requires": true,
  "dependencies": {
    "deep-copy": {
      "version": "1.4.0",
      "resolved": "https://registry.npmjs.org/deep-copy/-/deep-copy-1.4.0.tgz",
      "integrity": "sha512-/5y+/gcTgzlbgS6oZ+vev5kKWDcBW2qF73kyLWdTeewtS2o0y8Qmd1CLoIGSExtC+VkKL3VY2j8/s8r74zka0g=="
    }
  }
}
